version = 1
revision = 3
requires-python = ">=3.12"
required-markers = [
    "sys_platform == 'linux'",
]

[[package]]
name = "auto-penguin-setup"
version = "0.5.0a0"
source = { editable = "." }
dependencies = [
    { name = "orjson" },
]

[package.dev-dependencies]
dev = [
    { name = "pytest" },
    { name = "pytest-cov" },
]
lint = [
    { name = "ruff" },
]

[package.metadata]
requires-dist = [{ name = "orjson" }]

[package.metadata.requires-dev]
dev = [
    { name = "pytest" },
    { name = "pytest-cov" },
]
lint = [{ name = "ruff" }]

[[package]]
name = "colorama"
version = "0.4.6"
source = { registry = "https://pypi.org/simple" }
sdist = { url = "https://files.pythonhosted.org/packages/d8/53/6f443c9a4a8358a93a6792e2acffb9d9d5cb0a5cfd8802644b7b1c9a02e4/colorama-0.4.6.tar.gz", hash = "sha256:08695f5cb7ed6e0531a20572697297273c47b8cae5a63ffc6d6ed5c201be6e44", size = 27697, upload-time = "2022-10-25T02:36:22.414Z" }
wheels = [
    { url = "https://files.pythonhosted.org/packages/d1/d6/3965ed04c63042e047cb6a3e6ed1a63a35087b6a609aa3a15ed8ac56c221/colorama-0.4.6-py2.py3-none-any.whl", hash = "sha256:4f1d9991f5acc0ca119f9d443620b77f9d6b33703e51011c16baf57afb285fc6", size = 25335, upload-time = "2022-10-25T02:36:20.889Z" },
]

[[package]]
name = "coverage"
version = "7.13.0"
source = { registry = "https://pypi.org/simple" }
sdist = { url = "https://files.pythonhosted.org/packages/b6/45/2c665ca77ec32ad67e25c77daf1cee28ee4558f3bc571cdbaf88a00b9f23/coverage-7.13.0.tar.gz", hash = "sha256:a394aa27f2d7ff9bc04cf703817773a59ad6dfbd577032e690f961d2460ee936", size = 820905, upload-time = "2025-12-08T13:14:38.055Z" }
wheels = [
    { url = "https://files.pythonhosted.org/packages/9b/f1/2619559f17f31ba00fc40908efd1fbf1d0a5536eb75dc8341e7d660a08de/coverage-7.13.0-cp312-cp312-macosx_10_13_x86_64.whl", hash = "sha256:0b3d67d31383c4c68e19a88e28fc4c2e29517580f1b0ebec4a069d502ce1e0bf", size = 218274, upload-time = "2025-12-08T13:12:52.095Z" },
    { url = "https://files.pythonhosted.org/packages/2b/11/30d71ae5d6e949ff93b2a79a2c1b4822e00423116c5c6edfaeef37301396/coverage-7.13.0-cp312-cp312-macosx_11_0_arm64.whl", hash = "sha256:581f086833d24a22c89ae0fe2142cfaa1c92c930adf637ddf122d55083fb5a0f", size = 218638, upload-time = "2025-12-08T13:12:53.418Z" },
    { url = "https://files.pythonhosted.org/packages/79/c2/fce80fc6ded8d77e53207489d6065d0fed75db8951457f9213776615e0f5/coverage-7.13.0-cp312-cp312-manylinux1_i686.manylinux_2_28_i686.manylinux_2_5_i686.whl", hash = "sha256:0a3a30f0e257df382f5f9534d4ce3d4cf06eafaf5192beb1a7bd066cb10e78fb", size = 250129, upload-time = "2025-12-08T13:12:54.744Z" },
    { url = "https://files.pythonhosted.org/packages/5b/b6/51b5d1eb6fcbb9a1d5d6984e26cbe09018475c2922d554fd724dd0f056ee/coverage-7.13.0-cp312-cp312-manylinux1_x86_64.manylinux_2_28_x86_64.manylinux_2_5_x86_64.whl", hash = "sha256:583221913fbc8f53b88c42e8dbb8fca1d0f2e597cb190ce45916662b8b9d9621", size = 252885, upload-time = "2025-12-08T13:12:56.401Z" },
    { url = "https://files.pythonhosted.org/packages/0d/f8/972a5affea41de798691ab15d023d3530f9f56a72e12e243f35031846ff7/coverage-7.13.0-cp312-cp312-manylinux2014_aarch64.manylinux_2_17_aarch64.manylinux_2_28_aarch64.whl", hash = "sha256:5f5d9bd30756fff3e7216491a0d6d520c448d5124d3d8e8f56446d6412499e74", size = 253974, upload-time = "2025-12-08T13:12:57.718Z" },
    { url = "https://files.pythonhosted.org/packages/8a/56/116513aee860b2c7968aa3506b0f59b22a959261d1dbf3aea7b4450a7520/coverage-7.13.0-cp312-cp312-manylinux_2_31_riscv64.manylinux_2_39_riscv64.whl", hash = "sha256:a23e5a1f8b982d56fa64f8e442e037f6ce29322f1f9e6c2344cd9e9f4407ee57", size = 250538, upload-time = "2025-12-08T13:12:59.254Z" },
    { url = "https://files.pythonhosted.org/packages/d6/75/074476d64248fbadf16dfafbf93fdcede389ec821f74ca858d7c87d2a98c/coverage-7.13.0-cp312-cp312-musllinux_1_2_aarch64.whl", hash = "sha256:9b01c22bc74a7fb44066aaf765224c0d933ddf1f5047d6cdfe4795504a4493f8", size = 251912, upload-time = "2025-12-08T13:13:00.604Z" },
    { url = "https://files.pythonhosted.org/packages/f2/d2/aa4f8acd1f7c06024705c12609d8698c51b27e4d635d717cd1934c9668e2/coverage-7.13.0-cp312-cp312-musllinux_1_2_i686.whl", hash = "sha256:898cce66d0836973f48dda4e3514d863d70142bdf6dfab932b9b6a90ea5b222d", size = 250054, upload-time = "2025-12-08T13:13:01.892Z" },
    { url = "https://files.pythonhosted.org/packages/19/98/8df9e1af6a493b03694a1e8070e024e7d2cdc77adedc225a35e616d505de/coverage-7.13.0-cp312-cp312-musllinux_1_2_riscv64.whl", hash = "sha256:3ab483ea0e251b5790c2aac03acde31bff0c736bf8a86829b89382b407cd1c3b", size = 249619, upload-time = "2025-12-08T13:13:03.236Z" },
    { url = "https://files.pythonhosted.org/packages/d8/71/f8679231f3353018ca66ef647fa6fe7b77e6bff7845be54ab84f86233363/coverage-7.13.0-cp312-cp312-musllinux_1_2_x86_64.whl", hash = "sha256:1d84e91521c5e4cb6602fe11ece3e1de03b2760e14ae4fcf1a4b56fa3c801fcd", size = 251496, upload-time = "2025-12-08T13:13:04.511Z" },
    { url = "https://files.pythonhosted.org/packages/04/86/9cb406388034eaf3c606c22094edbbb82eea1fa9d20c0e9efadff20d0733/coverage-7.13.0-cp312-cp312-win32.whl", hash = "sha256:193c3887285eec1dbdb3f2bd7fbc351d570ca9c02ca756c3afbc71b3c98af6ef", size = 220808, upload-time = "2025-12-08T13:13:06.422Z" },
    { url = "https://files.pythonhosted.org/packages/1c/59/af483673df6455795daf5f447c2f81a3d2fcfc893a22b8ace983791f6f34/coverage-7.13.0-cp312-cp312-win_amd64.whl", hash = "sha256:4f3e223b2b2db5e0db0c2b97286aba0036ca000f06aca9b12112eaa9af3d92ae", size = 221616, upload-time = "2025-12-08T13:13:07.95Z" },
    { url = "https://files.pythonhosted.org/packages/64/b0/959d582572b30a6830398c60dd419c1965ca4b5fb38ac6b7093a0d50ca8d/coverage-7.13.0-cp312-cp312-win_arm64.whl", hash = "sha256:086cede306d96202e15a4b77ace8472e39d9f4e5f9fd92dd4fecdfb2313b2080", size = 220261, upload-time = "2025-12-08T13:13:09.581Z" },
    { url = "https://files.pythonhosted.org/packages/7c/cc/bce226595eb3bf7d13ccffe154c3c487a22222d87ff018525ab4dd2e9542/coverage-7.13.0-cp313-cp313-macosx_10_13_x86_64.whl", hash = "sha256:28ee1c96109974af104028a8ef57cec21447d42d0e937c0275329272e370ebcf", size = 218297, upload-time = "2025-12-08T13:13:10.977Z" },
    { url = "https://files.pythonhosted.org/packages/3b/9f/73c4d34600aae03447dff3d7ad1d0ac649856bfb87d1ca7d681cfc913f9e/coverage-7.13.0-cp313-cp313-macosx_11_0_arm64.whl", hash = "sha256:d1e97353dcc5587b85986cda4ff3ec98081d7e84dd95e8b2a6d59820f0545f8a", size = 218673, upload-time = "2025-12-08T13:13:12.562Z" },
    { url = "https://files.pythonhosted.org/packages/63/ab/8fa097db361a1e8586535ae5073559e6229596b3489ec3ef2f5b38df8cb2/coverage-7.13.0-cp313-cp313-manylinux1_i686.manylinux_2_28_i686.manylinux_2_5_i686.whl", hash = "sha256:99acd4dfdfeb58e1937629eb1ab6ab0899b131f183ee5f23e0b5da5cba2fec74", size = 249652, upload-time = "2025-12-08T13:13:13.909Z" },
    { url = "https://files.pythonhosted.org/packages/90/3a/9bfd4de2ff191feb37ef9465855ca56a6f2f30a3bca172e474130731ac3d/coverage-7.13.0-cp313-cp313-manylinux1_x86_64.manylinux_2_28_x86_64.manylinux_2_5_x86_64.whl", hash = "sha256:ff45e0cd8451e293b63ced93161e189780baf444119391b3e7d25315060368a6", size = 252251, upload-time = "2025-12-08T13:13:15.553Z" },
    { url = "https://files.pythonhosted.org/packages/df/61/b5d8105f016e1b5874af0d7c67542da780ccd4a5f2244a433d3e20ceb1ad/coverage-7.13.0-cp313-cp313-manylinux2014_aarch64.manylinux_2_17_aarch64.manylinux_2_28_aarch64.whl", hash = "sha256:f4f72a85316d8e13234cafe0a9f81b40418ad7a082792fa4165bd7d45d96066b", size = 253492, upload-time = "2025-12-08T13:13:16.849Z" },
    { url = "https://files.pythonhosted.org/packages/f3/b8/0fad449981803cc47a4694768b99823fb23632150743f9c83af329bb6090/coverage-7.13.0-cp313-cp313-manylinux_2_31_riscv64.manylinux_2_39_riscv64.whl", hash = "sha256:11c21557d0e0a5a38632cbbaca5f008723b26a89d70db6315523df6df77d6232", size = 249850, upload-time = "2025-12-08T13:13:18.142Z" },
    { url = "https://files.pythonhosted.org/packages/9a/e9/8d68337c3125014d918cf4327d5257553a710a2995a6a6de2ac77e5aa429/coverage-7.13.0-cp313-cp313-musllinux_1_2_aarch64.whl", hash = "sha256:76541dc8d53715fb4f7a3a06b34b0dc6846e3c69bc6204c55653a85dd6220971", size = 251633, upload-time = "2025-12-08T13:13:19.56Z" },
    { url = "https://files.pythonhosted.org/packages/55/14/d4112ab26b3a1bc4b3c1295d8452dcf399ed25be4cf649002fb3e64b2d93/coverage-7.13.0-cp313-cp313-musllinux_1_2_i686.whl", hash = "sha256:6e9e451dee940a86789134b6b0ffbe31c454ade3b849bb8a9d2cca2541a8e91d", size = 249586, upload-time = "2025-12-08T13:13:20.883Z" },
    { url = "https://files.pythonhosted.org/packages/2c/a9/22b0000186db663b0d82f86c2f1028099ae9ac202491685051e2a11a5218/coverage-7.13.0-cp313-cp313-musllinux_1_2_riscv64.whl", hash = "sha256:5c67dace46f361125e6b9cace8fe0b729ed8479f47e70c89b838d319375c8137", size = 249412, upload-time = "2025-12-08T13:13:22.22Z" },
    { url = "https://files.pythonhosted.org/packages/a1/2e/42d8e0d9e7527fba439acdc6ed24a2b97613b1dc85849b1dd935c2cffef0/coverage-7.13.0-cp313-cp313-musllinux_1_2_x86_64.whl", hash = "sha256:f59883c643cb19630500f57016f76cfdcd6845ca8c5b5ea1f6e17f74c8e5f511", size = 251191, upload-time = "2025-12-08T13:13:23.899Z" },
    { url = "https://files.pythonhosted.org/packages/a4/af/8c7af92b1377fd8860536aadd58745119252aaaa71a5213e5a8e8007a9f5/coverage-7.13.0-cp313-cp313-win32.whl", hash = "sha256:58632b187be6f0be500f553be41e277712baa278147ecb7559983c6d9faf7ae1", size = 220829, upload-time = "2025-12-08T13:13:25.182Z" },
    { url = "https://files.pythonhosted.org/packages/58/f9/725e8bf16f343d33cbe076c75dc8370262e194ff10072c0608b8e5cf33a3/coverage-7.13.0-cp313-cp313-win_amd64.whl", hash = "sha256:73419b89f812f498aca53f757dd834919b48ce4799f9d5cad33ca0ae442bdb1a", size = 221640, upload-time = "2025-12-08T13:13:26.836Z" },
    { url = "https://files.pythonhosted.org/packages/8a/ff/e98311000aa6933cc79274e2b6b94a2fe0fe3434fca778eba82003675496/coverage-7.13.0-cp313-cp313-win_arm64.whl", hash = "sha256:eb76670874fdd6091eedcc856128ee48c41a9bbbb9c3f1c7c3cf169290e3ffd6", size = 220269, upload-time = "2025-12-08T13:13:28.116Z" },
    { url = "https://files.pythonhosted.org/packages/cf/cf/bbaa2e1275b300343ea865f7d424cc0a2e2a1df6925a070b2b2d5d765330/coverage-7.13.0-cp313-cp313t-macosx_10_13_x86_64.whl", hash = "sha256:6e63ccc6e0ad8986386461c3c4b737540f20426e7ec932f42e030320896c311a", size = 218990, upload-time = "2025-12-08T13:13:29.463Z" },
    { url = "https://files.pythonhosted.org/packages/21/1d/82f0b3323b3d149d7672e7744c116e9c170f4957e0c42572f0366dbb4477/coverage-7.13.0-cp313-cp313t-macosx_11_0_arm64.whl", hash = "sha256:494f5459ffa1bd45e18558cd98710c36c0b8fbfa82a5eabcbe671d80ecffbfe8", size = 219340, upload-time = "2025-12-08T13:13:31.524Z" },
    { url = "https://files.pythonhosted.org/packages/fb/e3/fe3fd4702a3832a255f4d43013eacb0ef5fc155a5960ea9269d8696db28b/coverage-7.13.0-cp313-cp313t-manylinux1_i686.manylinux_2_28_i686.manylinux_2_5_i686.whl", hash = "sha256:06cac81bf10f74034e055e903f5f946e3e26fc51c09fc9f584e4a1605d977053", size = 260638, upload-time = "2025-12-08T13:13:32.965Z" },
    { url = "https://files.pythonhosted.org/packages/ad/01/63186cb000307f2b4da463f72af9b85d380236965574c78e7e27680a2593/coverage-7.13.0-cp313-cp313t-manylinux1_x86_64.manylinux_2_28_x86_64.manylinux_2_5_x86_64.whl", hash = "sha256:f2ffc92b46ed6e6760f1d47a71e56b5664781bc68986dbd1836b2b70c0ce2071", size = 262705, upload-time = "2025-12-08T13:13:34.378Z" },
    { url = "https://files.pythonhosted.org/packages/7c/a1/c0dacef0cc865f2455d59eed3548573ce47ed603205ffd0735d1d78b5906/coverage-7.13.0-cp313-cp313t-manylinux2014_aarch64.manylinux_2_17_aarch64.manylinux_2_28_aarch64.whl", hash = "sha256:0602f701057c6823e5db1b74530ce85f17c3c5be5c85fc042ac939cbd909426e", size = 265125, upload-time = "2025-12-08T13:13:35.73Z" },
    { url = "https://files.pythonhosted.org/packages/ef/92/82b99223628b61300bd382c205795533bed021505eab6dd86e11fb5d7925/coverage-7.13.0-cp313-cp313t-manylinux_2_31_riscv64.manylinux_2_39_riscv64.whl", hash = "sha256:25dc33618d45456ccb1d37bce44bc78cf269909aa14c4db2e03d63146a8a1493", size = 259844, upload-time = "2025-12-08T13:13:37.69Z" },
    { url = "https://files.pythonhosted.org/packages/cf/2c/89b0291ae4e6cd59ef042708e1c438e2290f8c31959a20055d8768349ee2/coverage-7.13.0-cp313-cp313t-musllinux_1_2_aarch64.whl", hash = "sha256:71936a8b3b977ddd0b694c28c6a34f4fff2e9dd201969a4ff5d5fc7742d614b0", size = 262700, upload-time = "2025-12-08T13:13:39.525Z" },
    { url = "https://files.pythonhosted.org/packages/bf/f9/a5f992efae1996245e796bae34ceb942b05db275e4b34222a9a40b9fbd3b/coverage-7.13.0-cp313-cp313t-musllinux_1_2_i686.whl", hash = "sha256:936bc20503ce24770c71938d1369461f0c5320830800933bc3956e2a4ded930e", size = 260321, upload-time = "2025-12-08T13:13:41.172Z" },
    { url = "https://files.pythonhosted.org/packages/4c/89/a29f5d98c64fedbe32e2ac3c227fbf78edc01cc7572eee17d61024d89889/coverage-7.13.0-cp313-cp313t-musllinux_1_2_riscv64.whl", hash = "sha256:af0a583efaacc52ae2521f8d7910aff65cdb093091d76291ac5820d5e947fc1c", size = 259222, upload-time = "2025-12-08T13:13:43.282Z" },
    { url = "https://files.pythonhosted.org/packages/b3/c3/940fe447aae302a6701ee51e53af7e08b86ff6eed7631e5740c157ee22b9/coverage-7.13.0-cp313-cp313t-musllinux_1_2_x86_64.whl", hash = "sha256:f1c23e24a7000da892a312fb17e33c5f94f8b001de44b7cf8ba2e36fbd15859e", size = 261411, upload-time = "2025-12-08T13:13:44.72Z" },
    { url = "https://files.pythonhosted.org/packages/eb/31/12a4aec689cb942a89129587860ed4d0fd522d5fda81237147fde554b8ae/coverage-7.13.0-cp313-cp313t-win32.whl", hash = "sha256:5f8a0297355e652001015e93be345ee54393e45dc3050af4a0475c5a2b767d46", size = 221505, upload-time = "2025-12-08T13:13:46.332Z" },
    { url = "https://files.pythonhosted.org/packages/65/8c/3b5fe3259d863572d2b0827642c50c3855d26b3aefe80bdc9eba1f0af3b0/coverage-7.13.0-cp313-cp313t-win_amd64.whl", hash = "sha256:6abb3a4c52f05e08460bd9acf04fec027f8718ecaa0d09c40ffbc3fbd70ecc39", size = 222569, upload-time = "2025-12-08T13:13:47.79Z" },
    { url = "https://files.pythonhosted.org/packages/b0/39/f71fa8316a96ac72fc3908839df651e8eccee650001a17f2c78cdb355624/coverage-7.13.0-cp313-cp313t-win_arm64.whl", hash = "sha256:3ad968d1e3aa6ce5be295ab5fe3ae1bf5bb4769d0f98a80a0252d543a2ef2e9e", size = 220841, upload-time = "2025-12-08T13:13:49.243Z" },
    { url = "https://files.pythonhosted.org/packages/f8/4b/9b54bedda55421449811dcd5263a2798a63f48896c24dfb92b0f1b0845bd/coverage-7.13.0-cp314-cp314-macosx_10_15_x86_64.whl", hash = "sha256:453b7ec753cf5e4356e14fe858064e5520c460d3bbbcb9c35e55c0d21155c256", size = 218343, upload-time = "2025-12-08T13:13:50.811Z" },
    { url = "https://files.pythonhosted.org/packages/59/df/c3a1f34d4bba2e592c8979f924da4d3d4598b0df2392fbddb7761258e3dc/coverage-7.13.0-cp314-cp314-macosx_11_0_arm64.whl", hash = "sha256:af827b7cbb303e1befa6c4f94fd2bf72f108089cfa0f8abab8f4ca553cf5ca5a", size = 218672, upload-time = "2025-12-08T13:13:52.284Z" },
    { url = "https://files.pythonhosted.org/packages/07/62/eec0659e47857698645ff4e6ad02e30186eb8afd65214fd43f02a76537cb/coverage-7.13.0-cp314-cp314-manylinux1_i686.manylinux_2_28_i686.manylinux_2_5_i686.whl", hash = "sha256:9987a9e4f8197a1000280f7cc089e3ea2c8b3c0a64d750537809879a7b4ceaf9", size = 249715, upload-time = "2025-12-08T13:13:53.791Z" },
    { url = "https://files.pythonhosted.org/packages/23/2d/3c7ff8b2e0e634c1f58d095f071f52ed3c23ff25be524b0ccae8b71f99f8/coverage-7.13.0-cp314-cp314-manylinux1_x86_64.manylinux_2_28_x86_64.manylinux_2_5_x86_64.whl", hash = "sha256:3188936845cd0cb114fa6a51842a304cdbac2958145d03be2377ec41eb285d19", size = 252225, upload-time = "2025-12-08T13:13:55.274Z" },
    { url = "https://files.pythonhosted.org/packages/aa/ac/fb03b469d20e9c9a81093575003f959cf91a4a517b783aab090e4538764b/coverage-7.13.0-cp314-cp314-manylinux2014_aarch64.manylinux_2_17_aarch64.manylinux_2_28_aarch64.whl", hash = "sha256:a2bdb3babb74079f021696cb46b8bb5f5661165c385d3a238712b031a12355be", size = 253559, upload-time = "2025-12-08T13:13:57.161Z" },
    { url = "https://files.pythonhosted.org/packages/29/62/14afa9e792383c66cc0a3b872a06ded6e4ed1079c7d35de274f11d27064e/coverage-7.13.0-cp314-cp314-manylinux_2_31_riscv64.manylinux_2_39_riscv64.whl", hash = "sha256:7464663eaca6adba4175f6c19354feea61ebbdd735563a03d1e472c7072d27bb", size = 249724, upload-time = "2025-12-08T13:13:58.692Z" },
    { url = "https://files.pythonhosted.org/packages/31/b7/333f3dab2939070613696ab3ee91738950f0467778c6e5a5052e840646b7/coverage-7.13.0-cp314-cp314-musllinux_1_2_aarch64.whl", hash = "sha256:8069e831f205d2ff1f3d355e82f511eb7c5522d7d413f5db5756b772ec8697f8", size = 251582, upload-time = "2025-12-08T13:14:00.642Z" },
    { url = "https://files.pythonhosted.org/packages/81/cb/69162bda9381f39b2287265d7e29ee770f7c27c19f470164350a38318764/coverage-7.13.0-cp314-cp314-musllinux_1_2_i686.whl", hash = "sha256:6fb2d5d272341565f08e962cce14cdf843a08ac43bd621783527adb06b089c4b", size = 249538, upload-time = "2025-12-08T13:14:02.556Z" },
    { url = "https://files.pythonhosted.org/packages/e0/76/350387b56a30f4970abe32b90b2a434f87d29f8b7d4ae40d2e8a85aacfb3/coverage-7.13.0-cp314-cp314-musllinux_1_2_riscv64.whl", hash = "sha256:5e70f92ef89bac1ac8a99b3324923b4749f008fdbd7aa9cb35e01d7a284a04f9", size = 249349, upload-time = "2025-12-08T13:14:04.015Z" },
    { url = "https://files.pythonhosted.org/packages/86/0d/7f6c42b8d59f4c7e43ea3059f573c0dcfed98ba46eb43c68c69e52ae095c/coverage-7.13.0-cp314-cp314-musllinux_1_2_x86_64.whl", hash = "sha256:4b5de7d4583e60d5fd246dd57fcd3a8aa23c6e118a8c72b38adf666ba8e7e927", size = 251011, upload-time = "2025-12-08T13:14:05.505Z" },
    { url = "https://files.pythonhosted.org/packages/d7/f1/4bb2dff379721bb0b5c649d5c5eaf438462cad824acf32eb1b7ca0c7078e/coverage-7.13.0-cp314-cp314-win32.whl", hash = "sha256:a6c6e16b663be828a8f0b6c5027d36471d4a9f90d28444aa4ced4d48d7d6ae8f", size = 221091, upload-time = "2025-12-08T13:14:07.127Z" },
    { url = "https://files.pythonhosted.org/packages/ba/44/c239da52f373ce379c194b0ee3bcc121020e397242b85f99e0afc8615066/coverage-7.13.0-cp314-cp314-win_amd64.whl", hash = "sha256:0900872f2fdb3ee5646b557918d02279dc3af3dfb39029ac4e945458b13f73bc", size = 221904, upload-time = "2025-12-08T13:14:08.542Z" },
    { url = "https://files.pythonhosted.org/packages/89/1f/b9f04016d2a29c2e4a0307baefefad1a4ec5724946a2b3e482690486cade/coverage-7.13.0-cp314-cp314-win_arm64.whl", hash = "sha256:3a10260e6a152e5f03f26db4a407c4c62d3830b9af9b7c0450b183615f05d43b", size = 220480, upload-time = "2025-12-08T13:14:10.958Z" },
    { url = "https://files.pythonhosted.org/packages/16/d4/364a1439766c8e8647860584171c36010ca3226e6e45b1753b1b249c5161/coverage-7.13.0-cp314-cp314t-macosx_10_15_x86_64.whl", hash = "sha256:9097818b6cc1cfb5f174e3263eba4a62a17683bcfe5c4b5d07f4c97fa51fbf28", size = 219074, upload-time = "2025-12-08T13:14:13.345Z" },
    { url = "https://files.pythonhosted.org/packages/ce/f4/71ba8be63351e099911051b2089662c03d5671437a0ec2171823c8e03bec/coverage-7.13.0-cp314-cp314t-macosx_11_0_arm64.whl", hash = "sha256:0018f73dfb4301a89292c73be6ba5f58722ff79f51593352759c1790ded1cabe", size = 219342, upload-time = "2025-12-08T13:14:15.02Z" },
    { url = "https://files.pythonhosted.org/packages/5e/25/127d8ed03d7711a387d96f132589057213e3aef7475afdaa303412463f22/coverage-7.13.0-cp314-cp314t-manylinux1_i686.manylinux_2_28_i686.manylinux_2_5_i686.whl", hash = "sha256:166ad2a22ee770f5656e1257703139d3533b4a0b6909af67c6b4a3adc1c98657", size = 260713, upload-time = "2025-12-08T13:14:16.907Z" },
    { url = "https://files.pythonhosted.org/packages/fd/db/559fbb6def07d25b2243663b46ba9eb5a3c6586c0c6f4e62980a68f0ee1c/coverage-7.13.0-cp314-cp314t-manylinux1_x86_64.manylinux_2_28_x86_64.manylinux_2_5_x86_64.whl", hash = "sha256:f6aaef16d65d1787280943f1c8718dc32e9cf141014e4634d64446702d26e0ff", size = 262825, upload-time = "2025-12-08T13:14:18.68Z" },
    { url = "https://files.pythonhosted.org/packages/37/99/6ee5bf7eff884766edb43bd8736b5e1c5144d0fe47498c3779326fe75a35/coverage-7.13.0-cp314-cp314t-manylinux2014_aarch64.manylinux_2_17_aarch64.manylinux_2_28_aarch64.whl", hash = "sha256:e999e2dcc094002d6e2c7bbc1fb85b58ba4f465a760a8014d97619330cdbbbf3", size = 265233, upload-time = "2025-12-08T13:14:20.55Z" },
    { url = "https://files.pythonhosted.org/packages/d8/90/92f18fe0356ea69e1f98f688ed80cec39f44e9f09a1f26a1bbf017cc67f2/coverage-7.13.0-cp314-cp314t-manylinux_2_31_riscv64.manylinux_2_39_riscv64.whl", hash = "sha256:00c3d22cf6fb1cf3bf662aaaa4e563be8243a5ed2630339069799835a9cc7f9b", size = 259779, upload-time = "2025-12-08T13:14:22.367Z" },
    { url = "https://files.pythonhosted.org/packages/90/5d/b312a8b45b37a42ea7d27d7d3ff98ade3a6c892dd48d1d503e773503373f/coverage-7.13.0-cp314-cp314t-musllinux_1_2_aarch64.whl", hash = "sha256:22ccfe8d9bb0d6134892cbe1262493a8c70d736b9df930f3f3afae0fe3ac924d", size = 262700, upload-time = "2025-12-08T13:14:24.309Z" },
    { url = "https://files.pythonhosted.org/packages/63/f8/b1d0de5c39351eb71c366f872376d09386640840a2e09b0d03973d791e20/coverage-7.13.0-cp314-cp314t-musllinux_1_2_i686.whl", hash = "sha256:9372dff5ea15930fea0445eaf37bbbafbc771a49e70c0aeed8b4e2c2614cc00e", size = 260302, upload-time = "2025-12-08T13:14:26.068Z" },
    { url = "https://files.pythonhosted.org/packages/aa/7c/d42f4435bc40c55558b3109a39e2d456cddcec37434f62a1f1230991667a/coverage-7.13.0-cp314-cp314t-musllinux_1_2_riscv64.whl", hash = "sha256:69ac2c492918c2461bc6ace42d0479638e60719f2a4ef3f0815fa2df88e9f940", size = 259136, upload-time = "2025-12-08T13:14:27.604Z" },
    { url = "https://files.pythonhosted.org/packages/b8/d3/23413241dc04d47cfe19b9a65b32a2edd67ecd0b817400c2843ebc58c847/coverage-7.13.0-cp314-cp314t-musllinux_1_2_x86_64.whl", hash = "sha256:739c6c051a7540608d097b8e13c76cfa85263ced467168dc6b477bae3df7d0e2", size = 261467, upload-time = "2025-12-08T13:14:29.09Z" },
    { url = "https://files.pythonhosted.org/packages/13/e6/6e063174500eee216b96272c0d1847bf215926786f85c2bd024cf4d02d2f/coverage-7.13.0-cp314-cp314t-win32.whl", hash = "sha256:fe81055d8c6c9de76d60c94ddea73c290b416e061d40d542b24a5871bad498b7", size = 221875, upload-time = "2025-12-08T13:14:31.106Z" },
    { url = "https://files.pythonhosted.org/packages/3b/46/f4fb293e4cbe3620e3ac2a3e8fd566ed33affb5861a9b20e3dd6c1896cbc/coverage-7.13.0-cp314-cp314t-win_amd64.whl", hash = "sha256:445badb539005283825959ac9fa4a28f712c214b65af3a2c464f1adc90f5fcbc", size = 222982, upload-time = "2025-12-08T13:14:33.1Z" },
    { url = "https://files.pythonhosted.org/packages/68/62/5b3b9018215ed9733fbd1ae3b2ed75c5de62c3b55377a52cae732e1b7805/coverage-7.13.0-cp314-cp314t-win_arm64.whl", hash = "sha256:de7f6748b890708578fc4b7bb967d810aeb6fcc9bff4bb77dbca77dab2f9df6a", size = 221016, upload-time = "2025-12-08T13:14:34.601Z" },
    { url = "https://files.pythonhosted.org/packages/8d/4c/1968f32fb9a2604645827e11ff84a31e59d532e01995f904723b4f5328b3/coverage-7.13.0-py3-none-any.whl", hash = "sha256:850d2998f380b1e266459ca5b47bc9e7daf9af1d070f66317972f382d46f1904", size = 210068, upload-time = "2025-12-08T13:14:36.236Z" },
]

[[package]]
name = "iniconfig"
version = "2.3.0"
source = { registry = "https://pypi.org/simple" }
sdist = { url = "https://files.pythonhosted.org/packages/72/34/14ca021ce8e5dfedc35312d08ba8bf51fdd999c576889fc2c24cb97f4f10/iniconfig-2.3.0.tar.gz", hash = "sha256:c76315c77db068650d49c5b56314774a7804df16fee4402c1f19d6d15d8c4730", size = 20503, upload-time = "2025-10-18T21:55:43.219Z" }
wheels = [
    { url = "https://files.pythonhosted.org/packages/cb/b1/3846dd7f199d53cb17f49cba7e651e9ce294d8497c8c150530ed11865bb8/iniconfig-2.3.0-py3-none-any.whl", hash = "sha256:f631c04d2c48c52b84d0d0549c99ff3859c98df65b3101406327ecc7d53fbf12", size = 7484, upload-time = "2025-10-18T21:55:41.639Z" },
]

[[package]]
name = "orjson"
version = "3.11.6"
source = { registry = "https://pypi.org/simple" }
sdist = { url = "https://files.pythonhosted.org/packages/70/a3/4e09c61a5f0c521cba0bb433639610ae037437669f1a4cbc93799e731d78/orjson-3.11.6.tar.gz", hash = "sha256:0a54c72259f35299fd033042367df781c2f66d10252955ca1efb7db309b954cb", size = 6175856, upload-time = "2026-01-29T15:13:07.942Z" }
wheels = [
    { url = "https://files.pythonhosted.org/packages/14/ba/759f2879f41910b7e5e0cdbd9cf82a4f017c527fb0e972e9869ca7fe4c8e/orjson-3.11.6-cp312-cp312-macosx_10_15_x86_64.macosx_11_0_arm64.macosx_10_15_universal2.whl", hash = "sha256:6f03f30cd8953f75f2a439070c743c7336d10ee940da918d71c6f3556af3ddcf", size = 249988, upload-time = "2026-01-29T15:11:58.294Z" },
    { url = "https://files.pythonhosted.org/packages/f0/70/54cecb929e6c8b10104fcf580b0cc7dc551aa193e83787dd6f3daba28bb5/orjson-3.11.6-cp312-cp312-macosx_15_0_arm64.whl", hash = "sha256:af44baae65ef386ad971469a8557a0673bb042b0b9fd4397becd9c2dfaa02588", size = 134445, upload-time = "2026-01-29T15:11:59.819Z" },
    { url = "https://files.pythonhosted.org/packages/f2/6f/ec0309154457b9ba1ad05f11faa4441f76037152f75e1ac577db3ce7ca96/orjson-3.11.6-cp312-cp312-manylinux_2_17_aarch64.manylinux2014_aarch64.whl", hash = "sha256:c310a48542094e4f7dbb6ac076880994986dda8ca9186a58c3cb70a3514d3231", size = 137708, upload-time = "2026-01-29T15:12:01.488Z" },
    { url = "https://files.pythonhosted.org/packages/20/52/3c71b80840f8bab9cb26417302707b7716b7d25f863f3a541bcfa232fe6e/orjson-3.11.6-cp312-cp312-manylinux_2_17_armv7l.manylinux2014_armv7l.whl", hash = "sha256:d8dfa7a5d387f15ecad94cb6b2d2d5f4aeea64efd8d526bfc03c9812d01e1cc0", size = 134798, upload-time = "2026-01-29T15:12:02.705Z" },
    { url = "https://files.pythonhosted.org/packages/30/51/b490a43b22ff736282360bd02e6bded455cf31dfc3224e01cd39f919bbd2/orjson-3.11.6-cp312-cp312-manylinux_2_17_i686.manylinux2014_i686.whl", hash = "sha256:ba8daee3e999411b50f8b50dbb0a3071dd1845f3f9a1a0a6fa6de86d1689d84d", size = 140839, upload-time = "2026-01-29T15:12:03.956Z" },
    { url = "https://files.pythonhosted.org/packages/95/bc/4bcfe4280c1bc63c5291bb96f98298845b6355da2226d3400e17e7b51e53/orjson-3.11.6-cp312-cp312-manylinux_2_17_ppc64le.manylinux2014_ppc64le.whl", hash = "sha256:f89d104c974eafd7436d7a5fdbc57f7a1e776789959a2f4f1b2eab5c62a339f4", size = 144080, upload-time = "2026-01-29T15:12:05.151Z" },
    { url = "https://files.pythonhosted.org/packages/01/74/22970f9ead9ab1f1b5f8c227a6c3aa8d71cd2c5acd005868a1d44f2362fa/orjson-3.11.6-cp312-cp312-manylinux_2_17_s390x.manylinux2014_s390x.whl", hash = "sha256:b2e2e2456788ca5ea75616c40da06fc885a7dc0389780e8a41bf7c5389ba257b", size = 142435, upload-time = "2026-01-29T15:12:06.641Z" },
    { url = "https://files.pythonhosted.org/packages/29/34/d564aff85847ab92c82ee43a7a203683566c2fca0723a5f50aebbe759603/orjson-3.11.6-cp312-cp312-manylinux_2_17_x86_64.manylinux2014_x86_64.whl", hash = "sha256:2a42efebc45afabb1448001e90458c4020d5c64fbac8a8dc4045b777db76cb5a", size = 145631, upload-time = "2026-01-29T15:12:08.351Z" },
    { url = "https://files.pythonhosted.org/packages/e7/ef/016957a3890752c4aa2368326ea69fa53cdc1fdae0a94a542b6410dbdf52/orjson-3.11.6-cp312-cp312-musllinux_1_2_aarch64.whl", hash = "sha256:71b7cbef8471324966c3738c90ba38775563ef01b512feb5ad4805682188d1b9", size = 147058, upload-time = "2026-01-29T15:12:10.023Z" },
    { url = "https://files.pythonhosted.org/packages/56/cc/9a899c3972085645b3225569f91a30e221f441e5dc8126e6d060b971c252/orjson-3.11.6-cp312-cp312-musllinux_1_2_armv7l.whl", hash = "sha256:f8515e5910f454fe9a8e13c2bb9dc4bae4c1836313e967e72eb8a4ad874f0248", size = 421161, upload-time = "2026-01-29T15:12:11.308Z" },
    { url = "https://files.pythonhosted.org/packages/21/a8/767d3fbd6d9b8fdee76974db40619399355fd49bf91a6dd2c4b6909ccf05/orjson-3.11.6-cp312-cp312-musllinux_1_2_i686.whl", hash = "sha256:300360edf27c8c9bf7047345a94fddf3a8b8922df0ff69d71d854a170cb375cf", size = 155757, upload-time = "2026-01-29T15:12:12.776Z" },
    { url = "https://files.pythonhosted.org/packages/ad/0b/205cd69ac87e2272e13ef3f5f03a3d4657e317e38c1b08aaa2ef97060bbc/orjson-3.11.6-cp312-cp312-musllinux_1_2_x86_64.whl", hash = "sha256:caaed4dad39e271adfadc106fab634d173b2bb23d9cf7e67bd645f879175ebfc", size = 147446, upload-time = "2026-01-29T15:12:14.166Z" },
    { url = "https://files.pythonhosted.org/packages/de/c5/dd9f22aa9f27c54c7d05cc32f4580c9ac9b6f13811eeb81d6c4c3f50d6b1/orjson-3.11.6-cp312-cp312-win32.whl", hash = "sha256:955368c11808c89793e847830e1b1007503a5923ddadc108547d3b77df761044", size = 139717, upload-time = "2026-01-29T15:12:15.7Z" },
    { url = "https://files.pythonhosted.org/packages/23/a1/e62fc50d904486970315a1654b8cfb5832eb46abb18cd5405118e7e1fc79/orjson-3.11.6-cp312-cp312-win_amd64.whl", hash = "sha256:2c68de30131481150073d90a5d227a4a421982f42c025ecdfb66157f9579e06f", size = 136711, upload-time = "2026-01-29T15:12:17.055Z" },
    { url = "https://files.pythonhosted.org/packages/04/3d/b4fefad8bdf91e0fe212eb04975aeb36ea92997269d68857efcc7eb1dda3/orjson-3.11.6-cp312-cp312-win_arm64.whl", hash = "sha256:65dfa096f4e3a5e02834b681f539a87fbe85adc82001383c0db907557f666bfc", size = 135212, upload-time = "2026-01-29T15:12:18.3Z" },
    { url = "https://files.pythonhosted.org/packages/ae/45/d9c71c8c321277bc1ceebf599bc55ba826ae538b7c61f287e9a7e71bd589/orjson-3.11.6-cp313-cp313-macosx_10_15_x86_64.macosx_11_0_arm64.macosx_10_15_universal2.whl", hash = "sha256:e4ae1670caabb598a88d385798692ce2a1b2f078971b3329cfb85253c6097f5b", size = 249828, upload-time = "2026-01-29T15:12:20.14Z" },
    { url = "https://files.pythonhosted.org/packages/ac/7e/4afcf4cfa9c2f93846d70eee9c53c3c0123286edcbeb530b7e9bd2aea1b2/orjson-3.11.6-cp313-cp313-macosx_15_0_arm64.whl", hash = "sha256:2c6b81f47b13dac2caa5d20fbc953c75eb802543abf48403a4703ed3bff225f0", size = 134339, upload-time = "2026-01-29T15:12:22.01Z" },
    { url = "https://files.pythonhosted.org/packages/40/10/6d2b8a064c8d2411d3d0ea6ab43125fae70152aef6bea77bb50fa54d4097/orjson-3.11.6-cp313-cp313-manylinux_2_17_aarch64.manylinux2014_aarch64.whl", hash = "sha256:647d6d034e463764e86670644bdcaf8e68b076e6e74783383b01085ae9ab334f", size = 137662, upload-time = "2026-01-29T15:12:23.307Z" },
    { url = "https://files.pythonhosted.org/packages/5a/50/5804ea7d586baf83ee88969eefda97a24f9a5bdba0727f73e16305175b26/orjson-3.11.6-cp313-cp313-manylinux_2_17_armv7l.manylinux2014_armv7l.whl", hash = "sha256:8523b9cc4ef174ae52414f7699e95ee657c16aa18b3c3c285d48d7966cce9081", size = 134626, upload-time = "2026-01-29T15:12:25.099Z" },
    { url = "https://files.pythonhosted.org/packages/9e/2e/f0492ed43e376722bb4afd648e06cc1e627fc7ec8ff55f6ee739277813ea/orjson-3.11.6-cp313-cp313-manylinux_2_17_i686.manylinux2014_i686.whl", hash = "sha256:313dfd7184cde50c733fc0d5c8c0e2f09017b573afd11dc36bd7476b30b4cb17", size = 140873, upload-time = "2026-01-29T15:12:26.369Z" },
    { url = "https://files.pythonhosted.org/packages/10/15/6f874857463421794a303a39ac5494786ad46a4ab46d92bda6705d78c5aa/orjson-3.11.6-cp313-cp313-manylinux_2_17_ppc64le.manylinux2014_ppc64le.whl", hash = "sha256:905ee036064ff1e1fd1fb800055ac477cdcb547a78c22c1bc2bbf8d5d1a6fb42", size = 144044, upload-time = "2026-01-29T15:12:28.082Z" },
    { url = "https://files.pythonhosted.org/packages/d2/c7/b7223a3a70f1d0cc2d86953825de45f33877ee1b124a91ca1f79aa6e643f/orjson-3.11.6-cp313-cp313-manylinux_2_17_s390x.manylinux2014_s390x.whl", hash = "sha256:ce374cb98411356ba906914441fc993f271a7a666d838d8de0e0900dd4a4bc12", size = 142396, upload-time = "2026-01-29T15:12:30.529Z" },
    { url = "https://files.pythonhosted.org/packages/87/e3/aa1b6d3ad3cd80f10394134f73ae92a1d11fdbe974c34aa199cc18bb5fcf/orjson-3.11.6-cp313-cp313-manylinux_2_17_x86_64.manylinux2014_x86_64.whl", hash = "sha256:cded072b9f65fcfd188aead45efa5bd528ba552add619b3ad2a81f67400ec450", size = 145600, upload-time = "2026-01-29T15:12:31.848Z" },
    { url = "https://files.pythonhosted.org/packages/f6/cf/e4aac5a46cbd39d7e769ef8650efa851dfce22df1ba97ae2b33efe893b12/orjson-3.11.6-cp313-cp313-musllinux_1_2_aarch64.whl", hash = "sha256:7ab85bdbc138e1f73a234db6bb2e4cc1f0fcec8f4bd2bd2430e957a01aadf746", size = 146967, upload-time = "2026-01-29T15:12:33.203Z" },
    { url = "https://files.pythonhosted.org/packages/0b/04/975b86a4bcf6cfeda47aad15956d52fbeda280811206e9967380fa9355c8/orjson-3.11.6-cp313-cp313-musllinux_1_2_armv7l.whl", hash = "sha256:351b96b614e3c37a27b8ab048239ebc1e0be76cc17481a430d70a77fb95d3844", size = 421003, upload-time = "2026-01-29T15:12:35.097Z" },
    { url = "https://files.pythonhosted.org/packages/28/d1/0369d0baf40eea5ff2300cebfe209883b2473ab4aa4c4974c8bd5ee42bb2/orjson-3.11.6-cp313-cp313-musllinux_1_2_i686.whl", hash = "sha256:f9959c85576beae5cdcaaf39510b15105f1ee8b70d5dacd90152617f57be8c83", size = 155695, upload-time = "2026-01-29T15:12:36.589Z" },
    { url = "https://files.pythonhosted.org/packages/ab/1f/d10c6d6ae26ff1d7c3eea6fd048280ef2e796d4fb260c5424fd021f68ecf/orjson-3.11.6-cp313-cp313-musllinux_1_2_x86_64.whl", hash = "sha256:75682d62b1b16b61a30716d7a2ec1f4c36195de4a1c61f6665aedd947b93a5d5", size = 147392, upload-time = "2026-01-29T15:12:37.876Z" },
    { url = "https://files.pythonhosted.org/packages/8d/43/7479921c174441a0aa5277c313732e20713c0969ac303be9f03d88d3db5d/orjson-3.11.6-cp313-cp313-win32.whl", hash = "sha256:40dc277999c2ef227dcc13072be879b4cfd325502daeb5c35ed768f706f2bf30", size = 139718, upload-time = "2026-01-29T15:12:39.274Z" },
    { url = "https://files.pythonhosted.org/packages/88/bc/9ffe7dfbf8454bc4e75bb8bf3a405ed9e0598df1d3535bb4adcd46be07d0/orjson-3.11.6-cp313-cp313-win_amd64.whl", hash = "sha256:f0f6e9f8ff7905660bc3c8a54cd4a675aa98f7f175cf00a59815e2ff42c0d916", size = 136635, upload-time = "2026-01-29T15:12:40.593Z" },
    { url = "https://files.pythonhosted.org/packages/6f/7e/51fa90b451470447ea5023b20d83331ec741ae28d1e6d8ed547c24e7de14/orjson-3.11.6-cp313-cp313-win_arm64.whl", hash = "sha256:1608999478664de848e5900ce41f25c4ecdfc4beacbc632b6fd55e1a586e5d38", size = 135175, upload-time = "2026-01-29T15:12:41.997Z" },
    { url = "https://files.pythonhosted.org/packages/31/9f/46ca908abaeeec7560638ff20276ab327b980d73b3cc2f5b205b4a1c60b3/orjson-3.11.6-cp314-cp314-macosx_10_15_x86_64.macosx_11_0_arm64.macosx_10_15_universal2.whl", hash = "sha256:6026db2692041d2a23fe2545606df591687787825ad5821971ef0974f2c47630", size = 249823, upload-time = "2026-01-29T15:12:43.332Z" },
    { url = "https://files.pythonhosted.org/packages/ff/78/ca478089818d18c9cd04f79c43f74ddd031b63c70fa2a946eb5e85414623/orjson-3.11.6-cp314-cp314-macosx_15_0_arm64.whl", hash = "sha256:132b0ab2e20c73afa85cf142e547511feb3d2f5b7943468984658f3952b467d4", size = 134328, upload-time = "2026-01-29T15:12:45.171Z" },
    { url = "https://files.pythonhosted.org/packages/39/5e/cbb9d830ed4e47f4375ad8eef8e4fff1bf1328437732c3809054fc4e80be/orjson-3.11.6-cp314-cp314-manylinux_2_17_aarch64.manylinux2014_aarch64.whl", hash = "sha256:b376fb05f20a96ec117d47987dd3b39265c635725bda40661b4c5b73b77b5fde", size = 137651, upload-time = "2026-01-29T15:12:46.602Z" },
    { url = "https://files.pythonhosted.org/packages/7c/3a/35df6558c5bc3a65ce0961aefee7f8364e59af78749fc796ea255bfa0cf5/orjson-3.11.6-cp314-cp314-manylinux_2_17_armv7l.manylinux2014_armv7l.whl", hash = "sha256:954dae4e080574672a1dfcf2a840eddef0f27bd89b0e94903dd0824e9c1db060", size = 134596, upload-time = "2026-01-29T15:12:47.95Z" },
    { url = "https://files.pythonhosted.org/packages/cd/8e/3d32dd7b7f26a19cc4512d6ed0ae3429567c71feef720fe699ff43c5bc9e/orjson-3.11.6-cp314-cp314-manylinux_2_17_i686.manylinux2014_i686.whl", hash = "sha256:fe515bb89d59e1e4b48637a964f480b35c0a2676de24e65e55310f6016cca7ce", size = 140923, upload-time = "2026-01-29T15:12:49.333Z" },
    { url = "https://files.pythonhosted.org/packages/6c/9c/1efbf5c99b3304f25d6f0d493a8d1492ee98693637c10ce65d57be839d7b/orjson-3.11.6-cp314-cp314-manylinux_2_17_ppc64le.manylinux2014_ppc64le.whl", hash = "sha256:380f9709c275917af28feb086813923251e11ee10687257cd7f1ea188bcd4485", size = 144068, upload-time = "2026-01-29T15:12:50.927Z" },
    { url = "https://files.pythonhosted.org/packages/82/83/0d19eeb5be797de217303bbb55dde58dba26f996ed905d301d98fd2d4637/orjson-3.11.6-cp314-cp314-manylinux_2_17_s390x.manylinux2014_s390x.whl", hash = "sha256:a8173e0d3f6081e7034c51cf984036d02f6bab2a2126de5a759d79f8e5a140e7", size = 142493, upload-time = "2026-01-29T15:12:52.432Z" },
    { url = "https://files.pythonhosted.org/packages/32/a7/573fec3df4dc8fc259b7770dc6c0656f91adce6e19330c78d23f87945d1e/orjson-3.11.6-cp314-cp314-manylinux_2_17_x86_64.manylinux2014_x86_64.whl", hash = "sha256:6dddf9ba706294906c56ef5150a958317b09aa3a8a48df1c52ccf22ec1907eac", size = 145616, upload-time = "2026-01-29T15:12:53.903Z" },
    { url = "https://files.pythonhosted.org/packages/c2/0e/23551b16f21690f7fd5122e3cf40fdca5d77052a434d0071990f97f5fe2f/orjson-3.11.6-cp314-cp314-musllinux_1_2_aarch64.whl", hash = "sha256:cbae5c34588dc79938dffb0b6fbe8c531f4dc8a6ad7f39759a9eb5d2da405ef2", size = 146951, upload-time = "2026-01-29T15:12:55.698Z" },
    { url = "https://files.pythonhosted.org/packages/b8/63/5e6c8f39805c39123a18e412434ea364349ee0012548d08aa586e2bd6aa9/orjson-3.11.6-cp314-cp314-musllinux_1_2_armv7l.whl", hash = "sha256:f75c318640acbddc419733b57f8a07515e587a939d8f54363654041fd1f4e465", size = 421024, upload-time = "2026-01-29T15:12:57.434Z" },
    { url = "https://files.pythonhosted.org/packages/1d/4d/724975cf0087f6550bd01fd62203418afc0ea33fd099aed318c5bcc52df8/orjson-3.11.6-cp314-cp314-musllinux_1_2_i686.whl", hash = "sha256:e0ab8d13aa2a3e98b4a43487c9205b2c92c38c054b4237777484d503357c8437", size = 155774, upload-time = "2026-01-29T15:12:59.397Z" },
    { url = "https://files.pythonhosted.org/packages/a8/a3/f4c4e3f46b55db29e0a5f20493b924fc791092d9a03ff2068c9fe6c1002f/orjson-3.11.6-cp314-cp314-musllinux_1_2_x86_64.whl", hash = "sha256:f884c7fb1020d44612bd7ac0db0babba0e2f78b68d9a650c7959bf99c783773f", size = 147393, upload-time = "2026-01-29T15:13:00.769Z" },
    { url = "https://files.pythonhosted.org/packages/ee/86/6f5529dd27230966171ee126cecb237ed08e9f05f6102bfaf63e5b32277d/orjson-3.11.6-cp314-cp314-win32.whl", hash = "sha256:8d1035d1b25732ec9f971e833a3e299d2b1a330236f75e6fd945ad982c76aaf3", size = 139760, upload-time = "2026-01-29T15:13:02.173Z" },
    { url = "https://files.pythonhosted.org/packages/d3/b5/91ae7037b2894a6b5002fb33f4fbccec98424a928469835c3837fbb22a9b/orjson-3.11.6-cp314-cp314-win_amd64.whl", hash = "sha256:931607a8865d21682bb72de54231655c86df1870502d2962dbfd12c82890d077", size = 136633, upload-time = "2026-01-29T15:13:04.267Z" },
    { url = "https://files.pythonhosted.org/packages/55/74/f473a3ec7a0a7ebc825ca8e3c86763f7d039f379860c81ba12dcdd456547/orjson-3.11.6-cp314-cp314-win_arm64.whl", hash = "sha256:fe71f6b283f4f1832204ab8235ce07adad145052614f77c876fcf0dac97bc06f", size = 135168, upload-time = "2026-01-29T15:13:05.932Z" },
]

[[package]]
name = "packaging"
version = "25.0"
source = { registry = "https://pypi.org/simple" }
sdist = { url = "https://files.pythonhosted.org/packages/a1/d4/1fc4078c65507b51b96ca8f8c3ba19e6a61c8253c72794544580a7b6c24d/packaging-25.0.tar.gz", hash = "sha256:d443872c98d677bf60f6a1f2f8c1cb748e8fe762d2bf9d3148b5599295b0fc4f", size = 165727, upload-time = "2025-04-19T11:48:59.673Z" }
wheels = [
    { url = "https://files.pythonhosted.org/packages/20/12/38679034af332785aac8774540895e234f4d07f7545804097de4b666afd8/packaging-25.0-py3-none-any.whl", hash = "sha256:29572ef2b1f17581046b3a2227d5c611fb25ec70ca1ba8554b24b0e69331a484", size = 66469, upload-time = "2025-04-19T11:48:57.875Z" },
]

[[package]]
name = "pluggy"
version = "1.6.0"
source = { registry = "https://pypi.org/simple" }
sdist = { url = "https://files.pythonhosted.org/packages/f9/e2/3e91f31a7d2b083fe6ef3fa267035b518369d9511ffab804f839851d2779/pluggy-1.6.0.tar.gz", hash = "sha256:7dcc130b76258d33b90f61b658791dede3486c3e6bfb003ee5c9bfb396dd22f3", size = 69412, upload-time = "2025-05-15T12:30:07.975Z" }
wheels = [
    { url = "https://files.pythonhosted.org/packages/54/20/4d324d65cc6d9205fabedc306948156824eb9f0ee1633355a8f7ec5c66bf/pluggy-1.6.0-py3-none-any.whl", hash = "sha256:e920276dd6813095e9377c0bc5566d94c932c33b27a3e3945d8389c374dd4746", size = 20538, upload-time = "2025-05-15T12:30:06.134Z" },
]

[[package]]
name = "pygments"
version = "2.19.2"
source = { registry = "https://pypi.org/simple" }
sdist = { url = "https://files.pythonhosted.org/packages/b0/77/a5b8c569bf593b0140bde72ea885a803b82086995367bf2037de0159d924/pygments-2.19.2.tar.gz", hash = "sha256:636cb2477cec7f8952536970bc533bc43743542f70392ae026374600add5b887", size = 4968631, upload-time = "2025-06-21T13:39:12.283Z" }
wheels = [
    { url = "https://files.pythonhosted.org/packages/c7/21/705964c7812476f378728bdf590ca4b771ec72385c533964653c68e86bdc/pygments-2.19.2-py3-none-any.whl", hash = "sha256:86540386c03d588bb81d44bc3928634ff26449851e99741617ecb9037ee5ec0b", size = 1225217, upload-time = "2025-06-21T13:39:07.939Z" },
]

[[package]]
name = "pytest"
version = "9.0.2"
source = { registry = "https://pypi.org/simple" }
dependencies = [
    { name = "colorama", marker = "sys_platform == 'win32'" },
    { name = "iniconfig" },
    { name = "packaging" },
    { name = "pluggy" },
    { name = "pygments" },
]
sdist = { url = "https://files.pythonhosted.org/packages/d1/db/7ef3487e0fb0049ddb5ce41d3a49c235bf9ad299b6a25d5780a89f19230f/pytest-9.0.2.tar.gz", hash = "sha256:75186651a92bd89611d1d9fc20f0b4345fd827c41ccd5c299a868a05d70edf11", size = 1568901, upload-time = "2025-12-06T21:30:51.014Z" }
wheels = [
    { url = "https://files.pythonhosted.org/packages/3b/ab/b3226f0bd7cdcf710fbede2b3548584366da3b19b5021e74f5bde2a8fa3f/pytest-9.0.2-py3-none-any.whl", hash = "sha256:711ffd45bf766d5264d487b917733b453d917afd2b0ad65223959f59089f875b", size = 374801, upload-time = "2025-12-06T21:30:49.154Z" },
]

[[package]]
name = "pytest-cov"
version = "7.0.0"
source = { registry = "https://pypi.org/simple" }
dependencies = [
    { name = "coverage" },
    { name = "pluggy" },
    { name = "pytest" },
]
sdist = { url = "https://files.pythonhosted.org/packages/5e/f7/c933acc76f5208b3b00089573cf6a2bc26dc80a8aece8f52bb7d6b1855ca/pytest_cov-7.0.0.tar.gz", hash = "sha256:33c97eda2e049a0c5298e91f519302a1334c26ac65c1a483d6206fd458361af1", size = 54328, upload-time = "2025-09-09T10:57:02.113Z" }
wheels = [
    { url = "https://files.pythonhosted.org/packages/ee/49/1377b49de7d0c1ce41292161ea0f721913fa8722c19fb9c1e3aa0367eecb/pytest_cov-7.0.0-py3-none-any.whl", hash = "sha256:3b8e9558b16cc1479da72058bdecf8073661c7f57f7d3c5f22a1c23507f2d861", size = 22424, upload-time = "2025-09-09T10:57:00.695Z" },
]

[[package]]
name = "ruff"
version = "0.14.9"
source = { registry = "https://pypi.org/simple" }
sdist = { url = "https://files.pythonhosted.org/packages/f6/1b/ab712a9d5044435be8e9a2beb17cbfa4c241aa9b5e4413febac2a8b79ef2/ruff-0.14.9.tar.gz", hash = "sha256:35f85b25dd586381c0cc053f48826109384c81c00ad7ef1bd977bfcc28119d5b", size = 5809165, upload-time = "2025-12-11T21:39:47.381Z" }
wheels = [
    { url = "https://files.pythonhosted.org/packages/b8/1c/d1b1bba22cffec02351c78ab9ed4f7d7391876e12720298448b29b7229c1/ruff-0.14.9-py3-none-linux_armv6l.whl", hash = "sha256:f1ec5de1ce150ca6e43691f4a9ef5c04574ad9ca35c8b3b0e18877314aba7e75", size = 13576541, upload-time = "2025-12-11T21:39:14.806Z" },
    { url = "https://files.pythonhosted.org/packages/94/ab/ffe580e6ea1fca67f6337b0af59fc7e683344a43642d2d55d251ff83ceae/ruff-0.14.9-py3-none-macosx_10_12_x86_64.whl", hash = "sha256:ed9d7417a299fc6030b4f26333bf1117ed82a61ea91238558c0268c14e00d0c2", size = 13779363, upload-time = "2025-12-11T21:39:20.29Z" },
    { url = "https://files.pythonhosted.org/packages/7d/f8/2be49047f929d6965401855461e697ab185e1a6a683d914c5c19c7962d9e/ruff-0.14.9-py3-none-macosx_11_0_arm64.whl", hash = "sha256:d5dc3473c3f0e4a1008d0ef1d75cee24a48e254c8bed3a7afdd2b4392657ed2c", size = 12925292, upload-time = "2025-12-11T21:39:38.757Z" },
    { url = "https://files.pythonhosted.org/packages/9e/e9/08840ff5127916bb989c86f18924fd568938b06f58b60e206176f327c0fe/ruff-0.14.9-py3-none-manylinux_2_17_aarch64.manylinux2014_aarch64.whl", hash = "sha256:84bf7c698fc8f3cb8278830fb6b5a47f9bcc1ed8cb4f689b9dd02698fa840697", size = 13362894, upload-time = "2025-12-11T21:39:02.524Z" },
    { url = "https://files.pythonhosted.org/packages/31/1c/5b4e8e7750613ef43390bb58658eaf1d862c0cc3352d139cd718a2cea164/ruff-0.14.9-py3-none-manylinux_2_17_armv7l.manylinux2014_armv7l.whl", hash = "sha256:aa733093d1f9d88a5d98988d8834ef5d6f9828d03743bf5e338bf980a19fce27", size = 13311482, upload-time = "2025-12-11T21:39:17.51Z" },
    { url = "https://files.pythonhosted.org/packages/5b/3a/459dce7a8cb35ba1ea3e9c88f19077667a7977234f3b5ab197fad240b404/ruff-0.14.9-py3-none-manylinux_2_17_i686.manylinux2014_i686.whl", hash = "sha256:6a1cfb04eda979b20c8c19550c8b5f498df64ff8da151283311ce3199e8b3648", size = 14016100, upload-time = "2025-12-11T21:39:41.948Z" },
    { url = "https://files.pythonhosted.org/packages/a6/31/f064f4ec32524f9956a0890fc6a944e5cf06c63c554e39957d208c0ffc45/ruff-0.14.9-py3-none-manylinux_2_17_ppc64.manylinux2014_ppc64.whl", hash = "sha256:1e5cb521e5ccf0008bd74d5595a4580313844a42b9103b7388eca5a12c970743", size = 15477729, upload-time = "2025-12-11T21:39:23.279Z" },
    { url = "https://files.pythonhosted.org/packages/7a/6d/f364252aad36ccd443494bc5f02e41bf677f964b58902a17c0b16c53d890/ruff-0.14.9-py3-none-manylinux_2_17_ppc64le.manylinux2014_ppc64le.whl", hash = "sha256:cd429a8926be6bba4befa8cdcf3f4dd2591c413ea5066b1e99155ed245ae42bb", size = 15122386, upload-time = "2025-12-11T21:39:33.125Z" },
    { url = "https://files.pythonhosted.org/packages/20/02/e848787912d16209aba2799a4d5a1775660b6a3d0ab3944a4ccc13e64a02/ruff-0.14.9-py3-none-manylinux_2_17_s390x.manylinux2014_s390x.whl", hash = "sha256:ab208c1b7a492e37caeaf290b1378148f75e13c2225af5d44628b95fd7834273", size = 14497124, upload-time = "2025-12-11T21:38:59.33Z" },
    { url = "https://files.pythonhosted.org/packages/f3/51/0489a6a5595b7760b5dbac0dd82852b510326e7d88d51dbffcd2e07e3ff3/ruff-0.14.9-py3-none-manylinux_2_17_x86_64.manylinux2014_x86_64.whl", hash = "sha256:72034534e5b11e8a593f517b2f2f2b273eb68a30978c6a2d40473ad0aaa4cb4a", size = 14195343, upload-time = "2025-12-11T21:39:44.866Z" },
    { url = "https://files.pythonhosted.org/packages/f6/53/3bb8d2fa73e4c2f80acc65213ee0830fa0c49c6479313f7a68a00f39e208/ruff-0.14.9-py3-none-manylinux_2_31_riscv64.whl", hash = "sha256:712ff04f44663f1b90a1195f51525836e3413c8a773574a7b7775554269c30ed", size = 14346425, upload-time = "2025-12-11T21:39:05.927Z" },
    { url = "https://files.pythonhosted.org/packages/ad/04/bdb1d0ab876372da3e983896481760867fc84f969c5c09d428e8f01b557f/ruff-0.14.9-py3-none-musllinux_1_2_aarch64.whl", hash = "sha256:a111fee1db6f1d5d5810245295527cda1d367c5aa8f42e0fca9a78ede9b4498b", size = 13258768, upload-time = "2025-12-11T21:39:08.691Z" },
    { url = "https://files.pythonhosted.org/packages/40/d9/8bf8e1e41a311afd2abc8ad12be1b6c6c8b925506d9069b67bb5e9a04af3/ruff-0.14.9-py3-none-musllinux_1_2_armv7l.whl", hash = "sha256:8769efc71558fecc25eb295ddec7d1030d41a51e9dcf127cbd63ec517f22d567", size = 13326939, upload-time = "2025-12-11T21:39:53.842Z" },
    { url = "https://files.pythonhosted.org/packages/f4/56/a213fa9edb6dd849f1cfbc236206ead10913693c72a67fb7ddc1833bf95d/ruff-0.14.9-py3-none-musllinux_1_2_i686.whl", hash = "sha256:347e3bf16197e8a2de17940cd75fd6491e25c0aa7edf7d61aa03f146a1aa885a", size = 13578888, upload-time = "2025-12-11T21:39:35.988Z" },
    { url = "https://files.pythonhosted.org/packages/33/09/6a4a67ffa4abae6bf44c972a4521337ffce9cbc7808faadede754ef7a79c/ruff-0.14.9-py3-none-musllinux_1_2_x86_64.whl", hash = "sha256:7715d14e5bccf5b660f54516558aa94781d3eb0838f8e706fb60e3ff6eff03a8", size = 14314473, upload-time = "2025-12-11T21:39:50.78Z" },
    { url = "https://files.pythonhosted.org/packages/12/0d/15cc82da5d83f27a3c6b04f3a232d61bc8c50d38a6cd8da79228e5f8b8d6/ruff-0.14.9-py3-none-win32.whl", hash = "sha256:df0937f30aaabe83da172adaf8937003ff28172f59ca9f17883b4213783df197", size = 13202651, upload-time = "2025-12-11T21:39:26.628Z" },
    { url = "https://files.pythonhosted.org/packages/32/f7/c78b060388eefe0304d9d42e68fab8cffd049128ec466456cef9b8d4f06f/ruff-0.14.9-py3-none-win_amd64.whl", hash = "sha256:c0b53a10e61df15a42ed711ec0bda0c582039cf6c754c49c020084c55b5b0bc2", size = 14702079, upload-time = "2025-12-11T21:39:11.954Z" },
    { url = "https://files.pythonhosted.org/packages/26/09/7a9520315decd2334afa65ed258fed438f070e31f05a2e43dd480a5e5911/ruff-0.14.9-py3-none-win_arm64.whl", hash = "sha256:8e821c366517a074046d92f0e9213ed1c13dbc5b37a7fc20b07f79b64d62cc84", size = 13744730, upload-time = "2025-12-11T21:39:29.659Z" },
]
